// !$*UTF8*$!
{
	archiveVersion = 1;
	classes = {
	};
	objectVersion = 50;
	objects = {

/* Begin PBXBuildFile section */
		9327C8CF26D60C05000D5D1B /* AppDelegate.swift in Sources */ = {isa = PBXBuildFile; fileRef = 9327C8CE26D60C05000D5D1B /* AppDelegate.swift */; };
		9327C8D126D60C05000D5D1B /* SceneDelegate.swift in Sources */ = {isa = PBXBuildFile; fileRef = 9327C8D026D60C05000D5D1B /* SceneDelegate.swift */; };
		9327C8D326D60C05000D5D1B /* ViewController.swift in Sources */ = {isa = PBXBuildFile; fileRef = 9327C8D226D60C05000D5D1B /* ViewController.swift */; };
		9327C8D626D60C05000D5D1B /* Main.storyboard in Resources */ = {isa = PBXBuildFile; fileRef = 9327C8D426D60C05000D5D1B /* Main.storyboard */; };
		9327C8D826D60C06000D5D1B /* Assets.xcassets in Resources */ = {isa = PBXBuildFile; fileRef = 9327C8D726D60C06000D5D1B /* Assets.xcassets */; };
		9327C8DB26D60C06000D5D1B /* LaunchScreen.storyboard in Resources */ = {isa = PBXBuildFile; fileRef = 9327C8D926D60C06000D5D1B /* LaunchScreen.storyboard */; };
		9327C8EE26D60CB4000D5D1B /* lamp-off.png in Resources */ = {isa = PBXBuildFile; fileRef = 9327C8EB26D60CB4000D5D1B /* lamp-off.png */; };
		9327C8EF26D60CB4000D5D1B /* lamp-on.png in Resources */ = {isa = PBXBuildFile; fileRef = 9327C8EC26D60CB4000D5D1B /* lamp-on.png */; };
		9327C8F026D60CB4000D5D1B /* lamp-remove.png in Resources */ = {isa = PBXBuildFile; fileRef = 9327C8ED26D60CB4000D5D1B /* lamp-remove.png */; };
/* End PBXBuildFile section */

/* Begin PBXFileReference section */
		9327C8CB26D60C05000D5D1B /* Alert.app */ = {isa = PBXFileReference; explicitFileType = wrapper.application; includeInIndex = 0; path = Alert.app; sourceTree = BUILT_PRODUCTS_DIR; };
		9327C8CE26D60C05000D5D1B /* AppDelegate.swift */ = {isa = PBXFileReference; lastKnownFileType = sourcecode.swift; path = AppDelegate.swift; sourceTree = "<group>"; };
		9327C8D026D60C05000D5D1B /* SceneDelegate.swift */ = {isa = PBXFileReference; lastKnownFileType = sourcecode.swift; path = SceneDelegate.swift; sourceTree = "<group>"; };
		9327C8D226D60C05000D5D1B /* ViewController.swift */ = {isa = PBXFileReference; lastKnownFileType = sourcecode.swift; path = ViewController.swift; sourceTree = "<group>"; };
		9327C8D526D60C05000D5D1B /* Base */ = {isa = PBXFileReference; lastKnownFileType = file.storyboard; name = Base; path = Base.lproj/Main.storyboard; sourceTree = "<group>"; };
		9327C8D726D60C06000D5D1B /* Assets.xcassets */ = {isa = PBXFileReference; lastKnownFileType = folder.assetcatalog; path = Assets.xcassets; sourceTree = "<group>"; };
		9327C8DA26D60C06000D5D1B /* Base */ = {isa = PBXFileReference; lastKnownFileType = file.storyboard; name = Base; path = Base.lproj/LaunchScreen.storyboard; sourceTree = "<group>"; };
		9327C8DC26D60C06000D5D1B /* Info.plist */ = {isa = PBXFileReference; lastKnownFileType = text.plist.xml; path = Info.plist; sourceTree = "<group>"; };
		9327C8EB26D60CB4000D5D1B /* lamp-off.png */ = {isa = PBXFileReference; lastKnownFileType = image.png; name = "lamp-off.png"; path = "../../../../../Library/Mobile Documents/com~apple~CloudDocs/Doit!_스위프트로아이폰앱만들기입문_개정4판_소스/06장/본문실습이미지/lamp-off.png"; sourceTree = "<group>"; };
		9327C8EC26D60CB4000D5D1B /* lamp-on.png */ = {isa = PBXFileReference; lastKnownFileType = image.png; name = "lamp-on.png"; path = "../../../../../Library/Mobile Documents/com~apple~CloudDocs/Doit!_스위프트로아이폰앱만들기입문_개정4판_소스/06장/본문실습이미지/lamp-on.png"; sourceTree = "<group>"; };
		9327C8ED26D60CB4000D5D1B /* lamp-remove.png */ = {isa = PBXFileReference; lastKnownFileType = image.png; name = "lamp-remove.png"; path = "../../../../../Library/Mobile Documents/com~apple~CloudDocs/Doit!_스위프트로아이폰앱만들기입문_개정4판_소스/06장/본문실습이미지/lamp-remove.png"; sourceTree = "<group>"; };
/* End PBXFileReference section */

/* Begin PBXFrameworksBuildPhase section */
		9327C8C826D60C05000D5D1B /* Frameworks */ = {
			isa = PBXFrameworksBuildPhase;
			buildActionMask = 2147483647;
			files = (
			);
			runOnlyForDeploymentPostprocessing = 0;
		};
/* End PBXFrameworksBuildPhase section */

/* Begin PBXGroup section */
		9327C8C226D60C05000D5D1B = {
			isa = PBXGroup;
			children = (
				9327C8CD26D60C05000D5D1B /* Alert */,
				9327C8CC26D60C05000D5D1B /* Products */,
			);
			sourceTree = "<group>";
		};
		9327C8CC26D60C05000D5D1B /* Products */ = {
			isa = PBXGroup;
			children = (
				9327C8CB26D60C05000D5D1B /* Alert.app */,
			);
			name = Products;
			sourceTree = "<group>";
		};
		9327C8CD26D60C05000D5D1B /* Alert */ = {
			isa = PBXGroup;
			children = (
				9327C8EB26D60CB4000D5D1B /* lamp-off.png */,
				9327C8EC26D60CB4000D5D1B /* lamp-on.png */,
				9327C8ED26D60CB4000D5D1B /* lamp-remove.png */,
				9327C8CE26D60C05000D5D1B /* AppDelegate.swift */,
				9327C8D026D60C05000D5D1B /* SceneDelegate.swift */,
				9327C8D226D60C05000D5D1B /* ViewController.swift */,
				9327C8D426D60C05000D5D1B /* Main.storyboard */,
				9327C8D726D60C06000D5D1B /* Assets.xcassets */,
				9327C8D926D60C06000D5D1B /* LaunchScreen.storyboard */,
				9327C8DC26D60C06000D5D1B /* Info.plist */,
			);
			path = Alert;
			sourceTree = "<group>";
		};
/* End PBXGroup section */

/* Begin PBXNativeTarget section */
		9327C8CA26D60C05000D5D1B /* Alert */ = {
			isa = PBXNativeTarget;
			buildConfigurationList = 9327C8DF26D60C06000D5D1B /* Build configuration list for PBXNativeTarget "Alert" */;
			buildPhases = (
				9327C8C726D60C05000D5D1B /* Sources */,
				9327C8C826D60C05000D5D1B /* Frameworks */,
				9327C8C926D60C05000D5D1B /* Resources */,
			);
			buildRules = (
			);
			dependencies = (
			);
			name = Alert;
			productName = Alert;
			productReference = 9327C8CB26D60C05000D5D1B /* Alert.app */;
			productType = "com.apple.product-type.application";
		};
/* End PBXNativeTarget section */

/* Begin PBXProject section */
		9327C8C326D60C05000D5D1B /* Project object */ = {
			isa = PBXProject;
			attributes = {
				LastSwiftUpdateCheck = 1250;
				LastUpgradeCheck = 1250;
				TargetAttributes = {
					9327C8CA26D60C05000D5D1B = {
						CreatedOnToolsVersion = 12.5.1;
					};
				};
			};
			buildConfigurationList = 9327C8C626D60C05000D5D1B /* Build configuration list for PBXProject "Alert" */;
			compatibilityVersion = "Xcode 9.3";
			developmentRegion = en;
			hasScannedForEncodings = 0;
			knownRegions = (
				en,
				Base,
			);
			mainGroup = 9327C8C226D60C05000D5D1B;
			productRefGroup = 9327C8CC26D60C05000D5D1B /* Products */;
			projectDirPath = "";
			projectRoot = "";
			targets = (
				9327C8CA26D60C05000D5D1B /* Alert */,
			);
		};
/* End PBXProject section */

/* Begin PBXResourcesBuildPhase section */
		9327C8C926D60C05000D5D1B /* Resources */ = {
			isa = PBXResourcesBuildPhase;
			buildActionMask = 2147483647;
			files = (
				9327C8DB26D60C06000D5D1B /* LaunchScreen.storyboard in Resources */,
				9327C8F026D60CB4000D5D1B /* lamp-remove.png in Resources */,
				9327C8EE26D60CB4000D5D1B /* lamp-off.png in Resources */,
				9327C8D826D60C06000D5D1B /* Assets.xcassets in Resources */,
				9327C8D626D60C05000D5D1B /* Main.storyboard in Resources */,
				9327C8EF26D60CB4000D5D1B /* lamp-on.png in Resources */,
			);
			runOnlyForDeploymentPostprocessing = 0;
		};
/* End PBXResourcesBuildPhase section */

/* Begin PBXSourcesBuildPhase section */
		9327C8C726D60C05000D5D1B /* Sources */ = {
			isa = PBXSourcesBuildPhase;
			buildActionMask = 2147483647;
			files = (
				9327C8D326D60C05000D5D1B /* ViewController.swift in Sources */,
				9327C8CF26D60C05000D5D1B /* AppDelegate.swift in Sources */,
				9327C8D126D60C05000D5D1B /* SceneDelegate.swift in Sources */,
			);
			runOnlyForDeploymentPostprocessing = 0;
		};
/* End PBXSourcesBuildPhase section */

/* Begin PBXVariantGroup section */
		9327C8D426D60C05000D5D1B /* Main.storyboard */ = {
			isa = PBXVariantGroup;
			children = (
				9327C8D526D60C05000D5D1B /* Base */,
			);
			name = Main.storyboard;
			sourceTree = "<group>";
		};
		9327C8D926D60C06000D5D1B /* LaunchScreen.storyboard */ = {
			isa = PBXVariantGroup;
			children = (
				9327C8DA26D60C06000D5D1B /* Base */,
			);
			name = LaunchScreen.storyboard;
			sourceTree = "<group>";
		};
/* End PBXVariantGroup section */

/* Begin XCBuildConfiguration section */
		9327C8DD26D60C06000D5D1B /* Debug */ = {
			isa = XCBuildConfiguration;
			buildSettings = {
				ALWAYS_SEARCH_USER_PATHS = NO;
				CLANG_ANALYZER_NONNULL = YES;
				CLANG_ANALYZER_NUMBER_OBJECT_CONVERSION = YES_AGGRESSIVE;
				CLANG_CXX_LANGUAGE_STANDARD = "gnu++14";
				CLANG_CXX_LIBRARY = "libc++";
				CLANG_ENABLE_MODULES = YES;
				CLANG_ENABLE_OBJC_ARC = YES;
				CLANG_ENABLE_OBJC_WEAK = YES;
				CLANG_WARN_BLOCK_CAPTURE_AUTORELEASING = YES;
				CLANG_WARN_BOOL_CONVERSION = YES;
				CLANG_WARN_COMMA = YES;
				CLANG_WARN_CONSTANT_CONVERSION = YES;
				CLANG_WARN_DEPRECATED_OBJC_IMPLEMENTATIONS = YES;
				CLANG_WARN_DIRECT_OBJC_ISA_USAGE = YES_ERROR;
				CLANG_WARN_DOCUMENTATION_COMMENTS = YES;
				CLANG_WARN_EMPTY_BODY = YES;
				CLANG_WARN_ENUM_CONVERSION = YES;
				CLANG_WARN_INFINITE_RECURSION = YES;
				CLANG_WARN_INT_CONVERSION = YES;
				CLANG_WARN_NON_LITERAL_NULL_CONVERSION = YES;
				CLANG_WARN_OBJC_IMPLICIT_RETAIN_SELF = YES;
				CLANG_WARN_OBJC_LITERAL_CONVERSION = YES;
				CLANG_WARN_OBJC_ROOT_CLASS = YES_ERROR;
				CLANG_WARN_QUOTED_INCLUDE_IN_FRAMEWORK_HEADER = YES;
				CLANG_WARN_RANGE_LOOP_ANALYSIS = YES;
				CLANG_WARN_STRICT_PROTOTYPES = YES;
				CLANG_WARN_SUSPICIOUS_MOVE = YES;
				CLANG_WARN_UNGUARDED_AVAILABILITY = YES_AGGRESSIVE;
				CLANG_WARN_UNREACHABLE_CODE = YES;
				CLANG_WARN__DUPLICATE_METHOD_MATCH = YES;
				COPY_PHASE_STRIP = NO;
				DEBUG_INFORMATION_FORMAT = dwarf;
				ENABLE_STRICT_OBJC_MSGSEND = YES;
				ENABLE_TESTABILITY = YES;
				GCC_C_LANGUAGE_STANDARD = gnu11;
				GCC_DYNAMIC_NO_PIC = NO;
				GCC_NO_COMMON_BLOCKS = YES;
				GCC_OPTIMIZATION_LEVEL = 0;
				GCC_PREPROCESSOR_DEFINITIONS = (
					"DEBUG=1",
					"$(inherited)",
				);
				GCC_WARN_64_TO_32_BIT_CONVERSION = YES;
				GCC_WARN_ABOUT_RETURN_TYPE = YES_ERROR;
				GCC_WARN_UNDECLARED_SELECTOR = YES;
				GCC_WARN_UNINITIALIZED_AUTOS = YES_AGGRESSIVE;
				GCC_WARN_UNUSED_FUNCTION = YES;
				GCC_WARN_UNUSED_VARIABLE = YES;
				IPHONEOS_DEPLOYMENT_TARGET = 14.5;
				MTL_ENABLE_DEBUG_INFO = INCLUDE_SOURCE;
				MTL_FAST_MATH = YES;
				ONLY_ACTIVE_ARCH = YES;
				SDKROOT = iphoneos;
				SWIFT_ACTIVE_COMPILATION_CONDITIONS = DEBUG;
				SWIFT_OPTIMIZATION_LEVEL = "-Onone";
			};
			name = Debug;
		};
		9327C8DE26D60C06000D5D1B /* Release */ = {
			isa = XCBuildConfiguration;
			buildSettings = {
				ALWAYS_SEARCH_USER_PATHS = NO;
				CLANG_ANALYZER_NONNULL = YES;
				CLANG_ANALYZER_NUMBER_OBJECT_CONVERSION = YES_AGGRESSIVE;
				CLANG_CXX_LANGUAGE_STANDARD = "gnu++14";
				CLANG_CXX_LIBRARY = "libc++";
				CLANG_ENABLE_MODULES = YES;
				CLANG_ENABLE_OBJC_ARC = YES;
				CLANG_ENABLE_OBJC_WEAK = YES;
				CLANG_WARN_BLOCK_CAPTURE_AUTORELEASING = YES;
				CLANG_WARN_BOOL_CONVERSION = YES;
				CLANG_WARN_COMMA = YES;
				CLANG_WARN_CONSTANT_CONVERSION = YES;
				CLANG_WARN_DEPRECATED_OBJC_IMPLEMENTATIONS = YES;
				CLANG_WARN_DIRECT_OBJC_ISA_USAGE = YES_ERROR;
				CLANG_WARN_DOCUMENTATION_COMMENTS = YES;
				CLANG_WARN_EMPTY_BODY = YES;
				CLANG_WARN_ENUM_CONVERSION = YES;
				CLANG_WARN_INFINITE_RECURSION = YES;
				CLANG_WARN_INT_CONVERSION = YES;
				CLANG_WARN_NON_LITERAL_NULL_CONVERSION = YES;
				CLANG_WARN_OBJC_IMPLICIT_RETAIN_SELF = YES;
				CLANG_WARN_OBJC_LITERAL_CONVERSION = YES;
				CLANG_WARN_OBJC_ROOT_CLASS = YES_ERROR;
				CLANG_WARN_QUOTED_INCLUDE_IN_FRAMEWORK_HEADER = YES;
				CLANG_WARN_RANGE_LOOP_ANALYSIS = YES;
				CLANG_WARN_STRICT_PROTOTYPES = YES;
				CLANG_WARN_SUSPICIOUS_MOVE = YES;
				CLANG_WARN_UNGUARDED_AVAILABILITY = YES_AGGRESSIVE;
				CLANG_WARN_UNREACHABLE_CODE = YES;
				CLANG_WARN__DUPLICATE_METHOD_MATCH = YES;
				COPY_PHASE_STRIP = NO;
				DEBUG_INFORMATION_FORMAT = "dwarf-with-dsym";
				ENABLE_NS_ASSERTIONS = NO;
				ENABLE_STRICT_OBJC_MSGSEND = YES;
				GCC_C_LANGUAGE_STANDARD = gnu11;
				GCC_NO_COMMON_BLOCKS = YES;
				GCC_WARN_64_TO_32_BIT_CONVERSION = YES;
				GCC_WARN_ABOUT_RETURN_TYPE = YES_ERROR;
				GCC_WARN_UNDECLARED_SELECTOR = YES;
				GCC_WARN_UNINITIALIZED_AUTOS = YES_AGGRESSIVE;
				GCC_WARN_UNUSED_FUNCTION = YES;
				GCC_WARN_UNUSED_VARIABLE = YES;
				IPHONEOS_DEPLOYMENT_TARGET = 14.5;
				MTL_ENABLE_DEBUG_INFO = NO;
				MTL_FAST_MATH = YES;
				SDKROOT = iphoneos;
				SWIFT_COMPILATION_MODE = wholemodule;
				SWIFT_OPTIMIZATION_LEVEL = "-O";
				VALIDATE_PRODUCT = YES;
			};
			name = Release;
		};
		9327C8E026D60C06000D5D1B /* Debug */ = {
			isa = XCBuildConfiguration;
			buildSettings = {
				ASSETCATALOG_COMPILER_APPICON_NAME = AppIcon;
				ASSETCATALOG_COMPILER_GLOBAL_ACCENT_COLOR_NAME = AccentColor;
				CODE_SIGN_STYLE = Automatic;
				DEVELOPMENT_TEAM = 4J3RK7L42Z;
				INFOPLIST_FILE = Alert/Info.plist;
				LD_RUNPATH_SEARCH_PATHS = (
					"$(inherited)",
					"@executable_path/Frameworks",
				);
				PRODUCT_BUNDLE_IDENTIFIER = Acho.Alert;
				PRODUCT_NAME = "$(TARGET_NAME)";
				SWIFT_VERSION = 5.0;
				TARGETED_DEVICE_FAMILY = "1,2";
			};
			name = Debug;
		};
		9327C8E126D60C06000D5D1B /* Release */ = {
			isa = XCBuildConfiguration;
			buildSettings = {
				ASSETCATALOG_COMPILER_APPICON_NAME = AppIcon;
				ASSETCATALOG_COMPILER_GLOBAL_ACCENT_COLOR_NAME = AccentColor;
				CODE_SIGN_STYLE = Automatic;
				DEVELOPMENT_TEAM = 4J3RK7L42Z;
				INFOPLIST_FILE = Alert/Info.plist;
				LD_RUNPATH_SEARCH_PATHS = (
					"$(inherited)",
					"@executable_path/Frameworks",
				);
				PRODUCT_BUNDLE_IDENTIFIER = Acho.Alert;
				PRODUCT_NAME = "$(TARGET_NAME)";
				SWIFT_VERSION = 5.0;
				TARGETED_DEVICE_FAMILY = "1,2";
			};
			name = Release;
		};
/* End XCBuildConfiguration section */

/* Begin XCConfigurationList section */
		9327C8C626D60C05000D5D1B /* Build configuration list for PBXProject "Alert" */ = {
			isa = XCConfigurationList;
			buildConfigurations = (
				9327C8DD26D60C06000D5D1B /* Debug */,
				9327C8DE26D60C06000D5D1B /* Release */,
			);
			defaultConfigurationIsVisible = 0;
			defaultConfigurationName = Release;
		};
		9327C8DF26D60C06000D5D1B /* Build configuration list for PBXNativeTarget "Alert" */ = {
			isa = XCConfigurationList;
			buildConfigurations = (
				9327C8E026D60C06000D5D1B /* Debug */,
				9327C8E126D60C06000D5D1B /* Release */,
			);
			defaultConfigurationIsVisible = 0;
			defaultConfigurationName = Release;
		};
/* End XCConfigurationList section */
	};
	rootObject = 9327C8C326D60C05000D5D1B /* Project object */;
}
