// !$*UTF8*$!
{
	archiveVersion = 1;
	classes = {
	};
	objectVersion = 55;
	objects = {

/* Begin PBXBuildFile section */
		930301E428D0486B00F160A3 /* AppDelegate.swift in Sources */ = {isa = PBXBuildFile; fileRef = 930301E328D0486B00F160A3 /* AppDelegate.swift */; };
		930301E628D0486B00F160A3 /* SceneDelegate.swift in Sources */ = {isa = PBXBuildFile; fileRef = 930301E528D0486B00F160A3 /* SceneDelegate.swift */; };
		930301E828D0486B00F160A3 /* PopUpViewController.swift in Sources */ = {isa = PBXBuildFile; fileRef = 930301E728D0486B00F160A3 /* PopUpViewController.swift */; };
		930301EB28D0486B00F160A3 /* Main.storyboard in Resources */ = {isa = PBXBuildFile; fileRef = 930301E928D0486B00F160A3 /* Main.storyboard */; };
		930301F028D0486F00F160A3 /* Assets.xcassets in Resources */ = {isa = PBXBuildFile; fileRef = 930301EF28D0486F00F160A3 /* Assets.xcassets */; };
		930301F328D0486F00F160A3 /* LaunchScreen.storyboard in Resources */ = {isa = PBXBuildFile; fileRef = 930301F128D0486F00F160A3 /* LaunchScreen.storyboard */; };
		9303021928D06DB800F160A3 /* MainViewController.swift in Sources */ = {isa = PBXBuildFile; fileRef = 9303021828D06DB800F160A3 /* MainViewController.swift */; };
		931F8B0E28D09BD30009C7A7 /* DetailViewController.swift in Sources */ = {isa = PBXBuildFile; fileRef = 931F8B0D28D09BD30009C7A7 /* DetailViewController.swift */; };
		931F8B1028D0B2B50009C7A7 /* Popup.storyboard in Resources */ = {isa = PBXBuildFile; fileRef = 931F8B0F28D0B2B50009C7A7 /* Popup.storyboard */; };
		931F8B1128D0C7220009C7A7 /* Autolayout_Pratice1.xcdatamodeld in Sources */ = {isa = PBXBuildFile; fileRef = 930301EC28D0486B00F160A3 /* Autolayout_Pratice1.xcdatamodeld */; };
		931F8B1628D0C8020009C7A7 /* NanumGothicLight.otf in Resources */ = {isa = PBXBuildFile; fileRef = 931F8B1228D0C8020009C7A7 /* NanumGothicLight.otf */; };
		931F8B1728D0C8020009C7A7 /* NanumGothicExtraBold.otf in Resources */ = {isa = PBXBuildFile; fileRef = 931F8B1328D0C8020009C7A7 /* NanumGothicExtraBold.otf */; };
		931F8B1828D0C8020009C7A7 /* NanumGothicBold.otf in Resources */ = {isa = PBXBuildFile; fileRef = 931F8B1428D0C8020009C7A7 /* NanumGothicBold.otf */; };
		931F8B1928D0C8020009C7A7 /* NanumGothic.otf in Resources */ = {isa = PBXBuildFile; fileRef = 931F8B1528D0C8020009C7A7 /* NanumGothic.otf */; };
		9352E37D28D085E9008203DB /* UserDefault.swift in Sources */ = {isa = PBXBuildFile; fileRef = 9352E37C28D085E9008203DB /* UserDefault.swift */; };
/* End PBXBuildFile section */

/* Begin PBXFileReference section */
		930301E028D0486B00F160A3 /* Autolayout_Pratice1.app */ = {isa = PBXFileReference; explicitFileType = wrapper.application; includeInIndex = 0; path = Autolayout_Pratice1.app; sourceTree = BUILT_PRODUCTS_DIR; };
		930301E328D0486B00F160A3 /* AppDelegate.swift */ = {isa = PBXFileReference; lastKnownFileType = sourcecode.swift; path = AppDelegate.swift; sourceTree = "<group>"; };
		930301E528D0486B00F160A3 /* SceneDelegate.swift */ = {isa = PBXFileReference; lastKnownFileType = sourcecode.swift; path = SceneDelegate.swift; sourceTree = "<group>"; };
		930301E728D0486B00F160A3 /* PopUpViewController.swift */ = {isa = PBXFileReference; lastKnownFileType = sourcecode.swift; path = PopUpViewController.swift; sourceTree = "<group>"; };
		930301EA28D0486B00F160A3 /* Base */ = {isa = PBXFileReference; lastKnownFileType = file.storyboard; name = Base; path = Base.lproj/Main.storyboard; sourceTree = "<group>"; };
		930301ED28D0486B00F160A3 /* Autolayout_Pratice1.xcdatamodel */ = {isa = PBXFileReference; lastKnownFileType = wrapper.xcdatamodel; path = Autolayout_Pratice1.xcdatamodel; sourceTree = "<group>"; };
		930301EF28D0486F00F160A3 /* Assets.xcassets */ = {isa = PBXFileReference; lastKnownFileType = folder.assetcatalog; path = Assets.xcassets; sourceTree = "<group>"; };
		930301F228D0486F00F160A3 /* Base */ = {isa = PBXFileReference; lastKnownFileType = file.storyboard; name = Base; path = Base.lproj/LaunchScreen.storyboard; sourceTree = "<group>"; };
		930301F428D0486F00F160A3 /* Info.plist */ = {isa = PBXFileReference; lastKnownFileType = text.plist.xml; path = Info.plist; sourceTree = "<group>"; };
		9303021828D06DB800F160A3 /* MainViewController.swift */ = {isa = PBXFileReference; lastKnownFileType = sourcecode.swift; path = MainViewController.swift; sourceTree = "<group>"; };
		931F8B0D28D09BD30009C7A7 /* DetailViewController.swift */ = {isa = PBXFileReference; lastKnownFileType = sourcecode.swift; path = DetailViewController.swift; sourceTree = "<group>"; };
		931F8B0F28D0B2B50009C7A7 /* Popup.storyboard */ = {isa = PBXFileReference; lastKnownFileType = file.storyboard; path = Popup.storyboard; sourceTree = "<group>"; };
		931F8B1228D0C8020009C7A7 /* NanumGothicLight.otf */ = {isa = PBXFileReference; lastKnownFileType = file; path = NanumGothicLight.otf; sourceTree = "<group>"; };
		931F8B1328D0C8020009C7A7 /* NanumGothicExtraBold.otf */ = {isa = PBXFileReference; lastKnownFileType = file; path = NanumGothicExtraBold.otf; sourceTree = "<group>"; };
		931F8B1428D0C8020009C7A7 /* NanumGothicBold.otf */ = {isa = PBXFileReference; lastKnownFileType = file; path = NanumGothicBold.otf; sourceTree = "<group>"; };
		931F8B1528D0C8020009C7A7 /* NanumGothic.otf */ = {isa = PBXFileReference; lastKnownFileType = file; path = NanumGothic.otf; sourceTree = "<group>"; };
		9352E37C28D085E9008203DB /* UserDefault.swift */ = {isa = PBXFileReference; lastKnownFileType = sourcecode.swift; path = UserDefault.swift; sourceTree = "<group>"; };
/* End PBXFileReference section */

/* Begin PBXFrameworksBuildPhase section */
		930301DD28D0486B00F160A3 /* Frameworks */ = {
			isa = PBXFrameworksBuildPhase;
			buildActionMask = 2147483647;
			files = (
			);
			runOnlyForDeploymentPostprocessing = 0;
		};
/* End PBXFrameworksBuildPhase section */

/* Begin PBXGroup section */
		930301D728D0486A00F160A3 = {
			isa = PBXGroup;
			children = (
				930301E228D0486B00F160A3 /* Autolayout_Pratice1 */,
				930301E128D0486B00F160A3 /* Products */,
			);
			sourceTree = "<group>";
		};
		930301E128D0486B00F160A3 /* Products */ = {
			isa = PBXGroup;
			children = (
				930301E028D0486B00F160A3 /* Autolayout_Pratice1.app */,
			);
			name = Products;
			sourceTree = "<group>";
		};
		930301E228D0486B00F160A3 /* Autolayout_Pratice1 */ = {
			isa = PBXGroup;
			children = (
				930301EF28D0486F00F160A3 /* Assets.xcassets */,
				930301FC28D0603700F160A3 /* Fonts */,
				930301E328D0486B00F160A3 /* AppDelegate.swift */,
				930301E528D0486B00F160A3 /* SceneDelegate.swift */,
				9352E37C28D085E9008203DB /* UserDefault.swift */,
				930301E728D0486B00F160A3 /* PopUpViewController.swift */,
				9303021828D06DB800F160A3 /* MainViewController.swift */,
				931F8B0D28D09BD30009C7A7 /* DetailViewController.swift */,
				930301E928D0486B00F160A3 /* Main.storyboard */,
				931F8B0F28D0B2B50009C7A7 /* Popup.storyboard */,
				930301F128D0486F00F160A3 /* LaunchScreen.storyboard */,
				930301F428D0486F00F160A3 /* Info.plist */,
				930301EC28D0486B00F160A3 /* Autolayout_Pratice1.xcdatamodeld */,
			);
			path = Autolayout_Pratice1;
			sourceTree = "<group>";
		};
		930301FC28D0603700F160A3 /* Fonts */ = {
			isa = PBXGroup;
			children = (
				931F8B1528D0C8020009C7A7 /* NanumGothic.otf */,
				931F8B1428D0C8020009C7A7 /* NanumGothicBold.otf */,
				931F8B1328D0C8020009C7A7 /* NanumGothicExtraBold.otf */,
				931F8B1228D0C8020009C7A7 /* NanumGothicLight.otf */,
			);
			path = Fonts;
			sourceTree = "<group>";
		};
/* End PBXGroup section */

/* Begin PBXNativeTarget section */
		930301DF28D0486B00F160A3 /* Autolayout_Pratice1 */ = {
			isa = PBXNativeTarget;
			buildConfigurationList = 930301F728D0486F00F160A3 /* Build configuration list for PBXNativeTarget "Autolayout_Pratice1" */;
			buildPhases = (
				930301DC28D0486B00F160A3 /* Sources */,
				930301DD28D0486B00F160A3 /* Frameworks */,
				930301DE28D0486B00F160A3 /* Resources */,
			);
			buildRules = (
			);
			dependencies = (
			);
			name = Autolayout_Pratice1;
			productName = Autolayout_Pratice1;
			productReference = 930301E028D0486B00F160A3 /* Autolayout_Pratice1.app */;
			productType = "com.apple.product-type.application";
		};
/* End PBXNativeTarget section */

/* Begin PBXProject section */
		930301D828D0486A00F160A3 /* Project object */ = {
			isa = PBXProject;
			attributes = {
				BuildIndependentTargetsInParallel = 1;
				LastSwiftUpdateCheck = 1340;
				LastUpgradeCheck = 1340;
				TargetAttributes = {
					930301DF28D0486B00F160A3 = {
						CreatedOnToolsVersion = 13.4.1;
					};
				};
			};
			buildConfigurationList = 930301DB28D0486A00F160A3 /* Build configuration list for PBXProject "Autolayout_Pratice1" */;
			compatibilityVersion = "Xcode 13.0";
			developmentRegion = en;
			hasScannedForEncodings = 0;
			knownRegions = (
				en,
				Base,
			);
			mainGroup = 930301D728D0486A00F160A3;
			productRefGroup = 930301E128D0486B00F160A3 /* Products */;
			projectDirPath = "";
			projectRoot = "";
			targets = (
				930301DF28D0486B00F160A3 /* Autolayout_Pratice1 */,
			);
		};
/* End PBXProject section */

/* Begin PBXResourcesBuildPhase section */
		930301DE28D0486B00F160A3 /* Resources */ = {
			isa = PBXResourcesBuildPhase;
			buildActionMask = 2147483647;
			files = (
				930301F328D0486F00F160A3 /* LaunchScreen.storyboard in Resources */,
				931F8B1628D0C8020009C7A7 /* NanumGothicLight.otf in Resources */,
				931F8B1028D0B2B50009C7A7 /* Popup.storyboard in Resources */,
				931F8B1928D0C8020009C7A7 /* NanumGothic.otf in Resources */,
				930301F028D0486F00F160A3 /* Assets.xcassets in Resources */,
				930301EB28D0486B00F160A3 /* Main.storyboard in Resources */,
				931F8B1828D0C8020009C7A7 /* NanumGothicBold.otf in Resources */,
				931F8B1728D0C8020009C7A7 /* NanumGothicExtraBold.otf in Resources */,
			);
			runOnlyForDeploymentPostprocessing = 0;
		};
/* End PBXResourcesBuildPhase section */

/* Begin PBXSourcesBuildPhase section */
		930301DC28D0486B00F160A3 /* Sources */ = {
			isa = PBXSourcesBuildPhase;
			buildActionMask = 2147483647;
			files = (
				930301E828D0486B00F160A3 /* PopUpViewController.swift in Sources */,
				930301E428D0486B00F160A3 /* AppDelegate.swift in Sources */,
				931F8B1128D0C7220009C7A7 /* Autolayout_Pratice1.xcdatamodeld in Sources */,
				9352E37D28D085E9008203DB /* UserDefault.swift in Sources */,
				930301E628D0486B00F160A3 /* SceneDelegate.swift in Sources */,
				9303021928D06DB800F160A3 /* MainViewController.swift in Sources */,
				931F8B0E28D09BD30009C7A7 /* DetailViewController.swift in Sources */,
			);
			runOnlyForDeploymentPostprocessing = 0;
		};
/* End PBXSourcesBuildPhase section */

/* Begin PBXVariantGroup section */
		930301E928D0486B00F160A3 /* Main.storyboard */ = {
			isa = PBXVariantGroup;
			children = (
				930301EA28D0486B00F160A3 /* Base */,
			);
			name = Main.storyboard;
			sourceTree = "<group>";
		};
		930301F128D0486F00F160A3 /* LaunchScreen.storyboard */ = {
			isa = PBXVariantGroup;
			children = (
				930301F228D0486F00F160A3 /* Base */,
			);
			name = LaunchScreen.storyboard;
			sourceTree = "<group>";
		};
/* End PBXVariantGroup section */

/* Begin XCBuildConfiguration section */
		930301F528D0486F00F160A3 /* Debug */ = {
			isa = XCBuildConfiguration;
			buildSettings = {
				ALWAYS_SEARCH_USER_PATHS = NO;
				CLANG_ANALYZER_NONNULL = YES;
				CLANG_ANALYZER_NUMBER_OBJECT_CONVERSION = YES_AGGRESSIVE;
				CLANG_CXX_LANGUAGE_STANDARD = "gnu++17";
				CLANG_ENABLE_MODULES = YES;
				CLANG_ENABLE_OBJC_ARC = YES;
				CLANG_ENABLE_OBJC_WEAK = YES;
				CLANG_WARN_BLOCK_CAPTURE_AUTORELEASING = YES;
				CLANG_WARN_BOOL_CONVERSION = YES;
				CLANG_WARN_COMMA = YES;
				CLANG_WARN_CONSTANT_CONVERSION = YES;
				CLANG_WARN_DEPRECATED_OBJC_IMPLEMENTATIONS = YES;
				CLANG_WARN_DIRECT_OBJC_ISA_USAGE = YES_ERROR;
				CLANG_WARN_DOCUMENTATION_COMMENTS = YES;
				CLANG_WARN_EMPTY_BODY = YES;
				CLANG_WARN_ENUM_CONVERSION = YES;
				CLANG_WARN_INFINITE_RECURSION = YES;
				CLANG_WARN_INT_CONVERSION = YES;
				CLANG_WARN_NON_LITERAL_NULL_CONVERSION = YES;
				CLANG_WARN_OBJC_IMPLICIT_RETAIN_SELF = YES;
				CLANG_WARN_OBJC_LITERAL_CONVERSION = YES;
				CLANG_WARN_OBJC_ROOT_CLASS = YES_ERROR;
				CLANG_WARN_QUOTED_INCLUDE_IN_FRAMEWORK_HEADER = YES;
				CLANG_WARN_RANGE_LOOP_ANALYSIS = YES;
				CLANG_WARN_STRICT_PROTOTYPES = YES;
				CLANG_WARN_SUSPICIOUS_MOVE = YES;
				CLANG_WARN_UNGUARDED_AVAILABILITY = YES_AGGRESSIVE;
				CLANG_WARN_UNREACHABLE_CODE = YES;
				CLANG_WARN__DUPLICATE_METHOD_MATCH = YES;
				COPY_PHASE_STRIP = NO;
				DEBUG_INFORMATION_FORMAT = dwarf;
				ENABLE_STRICT_OBJC_MSGSEND = YES;
				ENABLE_TESTABILITY = YES;
				GCC_C_LANGUAGE_STANDARD = gnu11;
				GCC_DYNAMIC_NO_PIC = NO;
				GCC_NO_COMMON_BLOCKS = YES;
				GCC_OPTIMIZATION_LEVEL = 0;
				GCC_PREPROCESSOR_DEFINITIONS = (
					"DEBUG=1",
					"$(inherited)",
				);
				GCC_WARN_64_TO_32_BIT_CONVERSION = YES;
				GCC_WARN_ABOUT_RETURN_TYPE = YES_ERROR;
				GCC_WARN_UNDECLARED_SELECTOR = YES;
				GCC_WARN_UNINITIALIZED_AUTOS = YES_AGGRESSIVE;
				GCC_WARN_UNUSED_FUNCTION = YES;
				GCC_WARN_UNUSED_VARIABLE = YES;
				IPHONEOS_DEPLOYMENT_TARGET = 15.5;
				MTL_ENABLE_DEBUG_INFO = INCLUDE_SOURCE;
				MTL_FAST_MATH = YES;
				ONLY_ACTIVE_ARCH = YES;
				SDKROOT = iphoneos;
				SWIFT_ACTIVE_COMPILATION_CONDITIONS = DEBUG;
				SWIFT_OPTIMIZATION_LEVEL = "-Onone";
			};
			name = Debug;
		};
		930301F628D0486F00F160A3 /* Release */ = {
			isa = XCBuildConfiguration;
			buildSettings = {
				ALWAYS_SEARCH_USER_PATHS = NO;
				CLANG_ANALYZER_NONNULL = YES;
				CLANG_ANALYZER_NUMBER_OBJECT_CONVERSION = YES_AGGRESSIVE;
				CLANG_CXX_LANGUAGE_STANDARD = "gnu++17";
				CLANG_ENABLE_MODULES = YES;
				CLANG_ENABLE_OBJC_ARC = YES;
				CLANG_ENABLE_OBJC_WEAK = YES;
				CLANG_WARN_BLOCK_CAPTURE_AUTORELEASING = YES;
				CLANG_WARN_BOOL_CONVERSION = YES;
				CLANG_WARN_COMMA = YES;
				CLANG_WARN_CONSTANT_CONVERSION = YES;
				CLANG_WARN_DEPRECATED_OBJC_IMPLEMENTATIONS = YES;
				CLANG_WARN_DIRECT_OBJC_ISA_USAGE = YES_ERROR;
				CLANG_WARN_DOCUMENTATION_COMMENTS = YES;
				CLANG_WARN_EMPTY_BODY = YES;
				CLANG_WARN_ENUM_CONVERSION = YES;
				CLANG_WARN_INFINITE_RECURSION = YES;
				CLANG_WARN_INT_CONVERSION = YES;
				CLANG_WARN_NON_LITERAL_NULL_CONVERSION = YES;
				CLANG_WARN_OBJC_IMPLICIT_RETAIN_SELF = YES;
				CLANG_WARN_OBJC_LITERAL_CONVERSION = YES;
				CLANG_WARN_OBJC_ROOT_CLASS = YES_ERROR;
				CLANG_WARN_QUOTED_INCLUDE_IN_FRAMEWORK_HEADER = YES;
				CLANG_WARN_RANGE_LOOP_ANALYSIS = YES;
				CLANG_WARN_STRICT_PROTOTYPES = YES;
				CLANG_WARN_SUSPICIOUS_MOVE = YES;
				CLANG_WARN_UNGUARDED_AVAILABILITY = YES_AGGRESSIVE;
				CLANG_WARN_UNREACHABLE_CODE = YES;
				CLANG_WARN__DUPLICATE_METHOD_MATCH = YES;
				COPY_PHASE_STRIP = NO;
				DEBUG_INFORMATION_FORMAT = "dwarf-with-dsym";
				ENABLE_NS_ASSERTIONS = NO;
				ENABLE_STRICT_OBJC_MSGSEND = YES;
				GCC_C_LANGUAGE_STANDARD = gnu11;
				GCC_NO_COMMON_BLOCKS = YES;
				GCC_WARN_64_TO_32_BIT_CONVERSION = YES;
				GCC_WARN_ABOUT_RETURN_TYPE = YES_ERROR;
				GCC_WARN_UNDECLARED_SELECTOR = YES;
				GCC_WARN_UNINITIALIZED_AUTOS = YES_AGGRESSIVE;
				GCC_WARN_UNUSED_FUNCTION = YES;
				GCC_WARN_UNUSED_VARIABLE = YES;
				IPHONEOS_DEPLOYMENT_TARGET = 15.5;
				MTL_ENABLE_DEBUG_INFO = NO;
				MTL_FAST_MATH = YES;
				SDKROOT = iphoneos;
				SWIFT_COMPILATION_MODE = wholemodule;
				SWIFT_OPTIMIZATION_LEVEL = "-O";
				VALIDATE_PRODUCT = YES;
			};
			name = Release;
		};
		930301F828D0486F00F160A3 /* Debug */ = {
			isa = XCBuildConfiguration;
			buildSettings = {
				ASSETCATALOG_COMPILER_APPICON_NAME = AppIcon;
				ASSETCATALOG_COMPILER_GLOBAL_ACCENT_COLOR_NAME = AccentColor;
				CODE_SIGN_STYLE = Automatic;
				CURRENT_PROJECT_VERSION = 1;
				DEVELOPMENT_TEAM = 4J3RK7L42Z;
				GENERATE_INFOPLIST_FILE = YES;
				INFOPLIST_FILE = Autolayout_Pratice1/Info.plist;
				INFOPLIST_KEY_UIApplicationSupportsIndirectInputEvents = YES;
				INFOPLIST_KEY_UILaunchStoryboardName = LaunchScreen;
				INFOPLIST_KEY_UIMainStoryboardFile = Main;
				INFOPLIST_KEY_UISupportedInterfaceOrientations_iPad = "UIInterfaceOrientationPortrait UIInterfaceOrientationPortraitUpsideDown UIInterfaceOrientationLandscapeLeft UIInterfaceOrientationLandscapeRight";
				INFOPLIST_KEY_UISupportedInterfaceOrientations_iPhone = "UIInterfaceOrientationPortrait UIInterfaceOrientationLandscapeLeft UIInterfaceOrientationLandscapeRight";
				LD_RUNPATH_SEARCH_PATHS = (
					"$(inherited)",
					"@executable_path/Frameworks",
				);
				MARKETING_VERSION = 1.0;
				PRODUCT_BUNDLE_IDENTIFIER = "Acho.Autolayout-Pratice1";
				PRODUCT_NAME = "$(TARGET_NAME)";
				SWIFT_EMIT_LOC_STRINGS = YES;
				SWIFT_VERSION = 5.0;
				TARGETED_DEVICE_FAMILY = "1,2";
			};
			name = Debug;
		};
		930301F928D0486F00F160A3 /* Release */ = {
			isa = XCBuildConfiguration;
			buildSettings = {
				ASSETCATALOG_COMPILER_APPICON_NAME = AppIcon;
				ASSETCATALOG_COMPILER_GLOBAL_ACCENT_COLOR_NAME = AccentColor;
				CODE_SIGN_STYLE = Automatic;
				CURRENT_PROJECT_VERSION = 1;
				DEVELOPMENT_TEAM = 4J3RK7L42Z;
				GENERATE_INFOPLIST_FILE = YES;
				INFOPLIST_FILE = Autolayout_Pratice1/Info.plist;
				INFOPLIST_KEY_UIApplicationSupportsIndirectInputEvents = YES;
				INFOPLIST_KEY_UILaunchStoryboardName = LaunchScreen;
				INFOPLIST_KEY_UIMainStoryboardFile = Main;
				INFOPLIST_KEY_UISupportedInterfaceOrientations_iPad = "UIInterfaceOrientationPortrait UIInterfaceOrientationPortraitUpsideDown UIInterfaceOrientationLandscapeLeft UIInterfaceOrientationLandscapeRight";
				INFOPLIST_KEY_UISupportedInterfaceOrientations_iPhone = "UIInterfaceOrientationPortrait UIInterfaceOrientationLandscapeLeft UIInterfaceOrientationLandscapeRight";
				LD_RUNPATH_SEARCH_PATHS = (
					"$(inherited)",
					"@executable_path/Frameworks",
				);
				MARKETING_VERSION = 1.0;
				PRODUCT_BUNDLE_IDENTIFIER = "Acho.Autolayout-Pratice1";
				PRODUCT_NAME = "$(TARGET_NAME)";
				SWIFT_EMIT_LOC_STRINGS = YES;
				SWIFT_VERSION = 5.0;
				TARGETED_DEVICE_FAMILY = "1,2";
			};
			name = Release;
		};
/* End XCBuildConfiguration section */

/* Begin XCConfigurationList section */
		930301DB28D0486A00F160A3 /* Build configuration list for PBXProject "Autolayout_Pratice1" */ = {
			isa = XCConfigurationList;
			buildConfigurations = (
				930301F528D0486F00F160A3 /* Debug */,
				930301F628D0486F00F160A3 /* Release */,
			);
			defaultConfigurationIsVisible = 0;
			defaultConfigurationName = Release;
		};
		930301F728D0486F00F160A3 /* Build configuration list for PBXNativeTarget "Autolayout_Pratice1" */ = {
			isa = XCConfigurationList;
			buildConfigurations = (
				930301F828D0486F00F160A3 /* Debug */,
				930301F928D0486F00F160A3 /* Release */,
			);
			defaultConfigurationIsVisible = 0;
			defaultConfigurationName = Release;
		};
/* End XCConfigurationList section */

/* Begin XCVersionGroup section */
		930301EC28D0486B00F160A3 /* Autolayout_Pratice1.xcdatamodeld */ = {
			isa = XCVersionGroup;
			children = (
				930301ED28D0486B00F160A3 /* Autolayout_Pratice1.xcdatamodel */,
			);
			currentVersion = 930301ED28D0486B00F160A3 /* Autolayout_Pratice1.xcdatamodel */;
			path = Autolayout_Pratice1.xcdatamodeld;
			sourceTree = "<group>";
			versionGroupType = wrapper.xcdatamodel;
		};
/* End XCVersionGroup section */
	};
	rootObject = 930301D828D0486A00F160A3 /* Project object */;
}
